// !$*UTF8*$!
{
	archiveVersion = 1;
	classes = {
	};
	objectVersion = 46;
	objects = {

/* Begin PBXBuildFile section */
		03C95FC31D3F323300A549C4 /* AppDelegate.swift in Sources */ = {isa = PBXBuildFile; fileRef = 03C95FC21D3F323300A549C4 /* AppDelegate.swift */; };
		03C95FC51D3F323300A549C4 /* ViewController.swift in Sources */ = {isa = PBXBuildFile; fileRef = 03C95FC41D3F323300A549C4 /* ViewController.swift */; };
		03C95FC81D3F323300A549C4 /* Main.storyboard in Resources */ = {isa = PBXBuildFile; fileRef = 03C95FC61D3F323300A549C4 /* Main.storyboard */; };
		03C95FCD1D3F323300A549C4 /* Assets.xcassets in Resources */ = {isa = PBXBuildFile; fileRef = 03C95FCC1D3F323300A549C4 /* Assets.xcassets */; };
		03C95FD01D3F323300A549C4 /* LaunchScreen.storyboard in Resources */ = {isa = PBXBuildFile; fileRef = 03C95FCE1D3F323300A549C4 /* LaunchScreen.storyboard */; };
/* End PBXBuildFile section */

/* Begin PBXFileReference section */
		03C95FBF1D3F323300A549C4 /* Arrow.app */ = {isa = PBXFileReference; explicitFileType = wrapper.application; includeInIndex = 0; path = Arrow.app; sourceTree = BUILT_PRODUCTS_DIR; };
		03C95FC21D3F323300A549C4 /* AppDelegate.swift */ = {isa = PBXFileReference; lastKnownFileType = sourcecode.swift; path = AppDelegate.swift; sourceTree = "<group>"; };
		03C95FC41D3F323300A549C4 /* ViewController.swift */ = {isa = PBXFileReference; lastKnownFileType = sourcecode.swift; path = ViewController.swift; sourceTree = "<group>"; };
		03C95FC71D3F323300A549C4 /* Base */ = {isa = PBXFileReference; lastKnownFileType = file.storyboard; name = Base; path = Base.lproj/Main.storyboard; sourceTree = "<group>"; };
		03C95FCC1D3F323300A549C4 /* Assets.xcassets */ = {isa = PBXFileReference; lastKnownFileType = folder.assetcatalog; path = Assets.xcassets; sourceTree = "<group>"; };
		03C95FCF1D3F323300A549C4 /* Base */ = {isa = PBXFileReference; lastKnownFileType = file.storyboard; name = Base; path = Base.lproj/LaunchScreen.storyboard; sourceTree = "<group>"; };
		03C95FD11D3F323300A549C4 /* Info.plist */ = {isa = PBXFileReference; lastKnownFileType = text.plist.xml; path = Info.plist; sourceTree = "<group>"; };
/* End PBXFileReference section */

/* Begin PBXFrameworksBuildPhase section */
		03C95FBC1D3F323300A549C4 /* Frameworks */ = {
			isa = PBXFrameworksBuildPhase;
			buildActionMask = 2147483647;
			files = (
			);
			runOnlyForDeploymentPostprocessing = 0;
		};
/* End PBXFrameworksBuildPhase section */

/* Begin PBXGroup section */
		03C95FB61D3F323300A549C4 = {
			isa = PBXGroup;
			children = (
				03C95FC11D3F323300A549C4 /* Arrow */,
				03C95FC01D3F323300A549C4 /* Products */,
			);
			sourceTree = "<group>";
		};
		03C95FC01D3F323300A549C4 /* Products */ = {
			isa = PBXGroup;
			children = (
				03C95FBF1D3F323300A549C4 /* Arrow.app */,
			);
			name = Products;
			sourceTree = "<group>";
		};
		03C95FC11D3F323300A549C4 /* Arrow */ = {
			isa = PBXGroup;
			children = (
				03C95FC21D3F323300A549C4 /* AppDelegate.swift */,
				03C95FC41D3F323300A549C4 /* ViewController.swift */,
				03C95FC61D3F323300A549C4 /* Main.storyboard */,
				03C95FCC1D3F323300A549C4 /* Assets.xcassets */,
				03C95FCE1D3F323300A549C4 /* LaunchScreen.storyboard */,
				03C95FD11D3F323300A549C4 /* Info.plist */,
			);
			path = Arrow;
			sourceTree = "<group>";
		};
/* End PBXGroup section */

/* Begin PBXNativeTarget section */
		03C95FBE1D3F323300A549C4 /* Arrow */ = {
			isa = PBXNativeTarget;
			buildConfigurationList = 03C95FD41D3F323300A549C4 /* Build configuration list for PBXNativeTarget "Arrow" */;
			buildPhases = (
				03C95FBB1D3F323300A549C4 /* Sources */,
				03C95FBC1D3F323300A549C4 /* Frameworks */,
				03C95FBD1D3F323300A549C4 /* Resources */,
			);
			buildRules = (
			);
			dependencies = (
			);
			name = Arrow;
			productName = Arrow;
			productReference = 03C95FBF1D3F323300A549C4 /* Arrow.app */;
			productType = "com.apple.product-type.application";
		};
/* End PBXNativeTarget section */

/* Begin PBXProject section */
		03C95FB71D3F323300A549C4 /* Project object */ = {
			isa = PBXProject;
			attributes = {
				LastSwiftUpdateCheck = 0730;
				LastUpgradeCheck = 0730;
				ORGANIZATIONNAME = "Sachin Katyal";
				TargetAttributes = {
					03C95FBE1D3F323300A549C4 = {
						CreatedOnToolsVersion = 7.3.1;
						DevelopmentTeam = RPTMUDWUCD;
					};
				};
			};
			buildConfigurationList = 03C95FBA1D3F323300A549C4 /* Build configuration list for PBXProject "Arrow" */;
			compatibilityVersion = "Xcode 3.2";
			developmentRegion = English;
			hasScannedForEncodings = 0;
			knownRegions = (
				en,
				Base,
			);
			mainGroup = 03C95FB61D3F323300A549C4;
			productRefGroup = 03C95FC01D3F323300A549C4 /* Products */;
			projectDirPath = "";
			projectRoot = "";
			targets = (
				03C95FBE1D3F323300A549C4 /* Arrow */,
			);
		};
/* End PBXProject section */

/* Begin PBXResourcesBuildPhase section */
		03C95FBD1D3F323300A549C4 /* Resources */ = {
			isa = PBXResourcesBuildPhase;
			buildActionMask = 2147483647;
			files = (
				03C95FD01D3F323300A549C4 /* LaunchScreen.storyboard in Resources */,
				03C95FCD1D3F323300A549C4 /* Assets.xcassets in Resources */,
				03C95FC81D3F323300A549C4 /* Main.storyboard in Resources */,
			);
			runOnlyForDeploymentPostprocessing = 0;
		};
/* End PBXResourcesBuildPhase section */

/* Begin PBXSourcesBuildPhase section */
		03C95FBB1D3F323300A549C4 /* Sources */ = {
			isa = PBXSourcesBuildPhase;
			buildActionMask = 2147483647;
			files = (
				03C95FC51D3F323300A549C4 /* ViewController.swift in Sources */,
				03C95FC31D3F323300A549C4 /* AppDelegate.swift in Sources */,
			);
			runOnlyForDeploymentPostprocessing = 0;
		};
/* End PBXSourcesBuildPhase section */

/* Begin PBXVariantGroup section */
		03C95FC61D3F323300A549C4 /* Main.storyboard */ = {
			isa = PBXVariantGroup;
			children = (
				03C95FC71D3F323300A549C4 /* Base */,
			);
			name = Main.storyboard;
			sourceTree = "<group>";
		};
		03C95FCE1D3F323300A549C4 /* LaunchScreen.storyboard */ = {
			isa = PBXVariantGroup;
			children = (
				03C95FCF1D3F323300A549C4 /* Base */,
			);
			name = LaunchScreen.storyboard;
			sourceTree = "<group>";
		};
/* End PBXVariantGroup section */

/* Begin XCBuildConfiguration section */
		03C95FD21D3F323300A549C4 /* Debug */ = {
			isa = XCBuildConfiguration;
			buildSettings = {
				ALWAYS_SEARCH_USER_PATHS = NO;
				CLANG_ANALYZER_NONNULL = YES;
				CLANG_CXX_LANGUAGE_STANDARD = "gnu++0x";
				CLANG_CXX_LIBRARY = "libc++";
				CLANG_ENABLE_MODULES = YES;
				CLANG_ENABLE_OBJC_ARC = YES;
				CLANG_WARN_BOOL_CONVERSION = YES;
				CLANG_WARN_CONSTANT_CONVERSION = YES;
				CLANG_WARN_DIRECT_OBJC_ISA_USAGE = YES_ERROR;
				CLANG_WARN_EMPTY_BODY = YES;
				CLANG_WARN_ENUM_CONVERSION = YES;
				CLANG_WARN_INT_CONVERSION = YES;
				CLANG_WARN_OBJC_ROOT_CLASS = YES_ERROR;
				CLANG_WARN_UNREACHABLE_CODE = YES;
				CLANG_WARN__DUPLICATE_METHOD_MATCH = YES;
				"CODE_SIGN_IDENTITY[sdk=iphoneos*]" = "iPhone Developer";
				COPY_PHASE_STRIP = NO;
				DEBUG_INFORMATION_FORMAT = dwarf;
				ENABLE_STRICT_OBJC_MSGSEND = YES;
				ENABLE_TESTABILITY = YES;
				GCC_C_LANGUAGE_STANDARD = gnu99;
				GCC_DYNAMIC_NO_PIC = NO;
				GCC_NO_COMMON_BLOCKS = YES;
				GCC_OPTIMIZATION_LEVEL = 0;
				GCC_PREPROCESSOR_DEFINITIONS = (
					"DEBUG=1",
					"$(inherited)",
				);
				GCC_WARN_64_TO_32_BIT_CONVERSION = YES;
				GCC_WARN_ABOUT_RETURN_TYPE = YES_ERROR;
				GCC_WARN_UNDECLARED_SELECTOR = YES;
				GCC_WARN_UNINITIALIZED_AUTOS = YES_AGGRESSIVE;
				GCC_WARN_UNUSED_FUNCTION = YES;
				GCC_WARN_UNUSED_VARIABLE = YES;
				IPHONEOS_DEPLOYMENT_TARGET = 9.3;
				MTL_ENABLE_DEBUG_INFO = YES;
				ONLY_ACTIVE_ARCH = YES;
				SDKROOT = iphoneos;
				SWIFT_OPTIMIZATION_LEVEL = "-Onone";
			};
			name = Debug;
		};
		03C95FD31D3F323300A549C4 /* Release */ = {
			isa = XCBuildConfiguration;
			buildSettings = {
				ALWAYS_SEARCH_USER_PATHS = NO;
				CLANG_ANALYZER_NONNULL = YES;
				CLANG_CXX_LANGUAGE_STANDARD = "gnu++0x";
				CLANG_CXX_LIBRARY = "libc++";
				CLANG_ENABLE_MODULES = YES;
				CLANG_ENABLE_OBJC_ARC = YES;
				CLANG_WARN_BOOL_CONVERSION = YES;
				CLANG_WARN_CONSTANT_CONVERSION = YES;
				CLANG_WARN_DIRECT_OBJC_ISA_USAGE = YES_ERROR;
				CLANG_WARN_EMPTY_BODY = YES;
				CLANG_WARN_ENUM_CONVERSION = YES;
				CLANG_WARN_INT_CONVERSION = YES;
				CLANG_WARN_OBJC_ROOT_CLASS = YES_ERROR;
				CLANG_WARN_UNREACHABLE_CODE = YES;
				CLANG_WARN__DUPLICATE_METHOD_MATCH = YES;
				"CODE_SIGN_IDENTITY[sdk=iphoneos*]" = "iPhone Developer";
				COPY_PHASE_STRIP = NO;
				DEBUG_INFORMATION_FORMAT = "dwarf-with-dsym";
				ENABLE_NS_ASSERTIONS = NO;
				ENABLE_STRICT_OBJC_MSGSEND = YES;
				GCC_C_LANGUAGE_STANDARD = gnu99;
				GCC_NO_COMMON_BLOCKS = YES;
				GCC_WARN_64_TO_32_BIT_CONVERSION = YES;
				GCC_WARN_ABOUT_RETURN_TYPE = YES_ERROR;
				GCC_WARN_UNDECLARED_SELECTOR = YES;
				GCC_WARN_UNINITIALIZED_AUTOS = YES_AGGRESSIVE;
				GCC_WARN_UNUSED_FUNCTION = YES;
				GCC_WARN_UNUSED_VARIABLE = YES;
				IPHONEOS_DEPLOYMENT_TARGET = 9.3;
				MTL_ENABLE_DEBUG_INFO = NO;
				SDKROOT = iphoneos;
				VALIDATE_PRODUCT = YES;
			};
			name = Release;
		};
		03C95FD51D3F323300A549C4 /* Debug */ = {
			isa = XCBuildConfiguration;
			buildSettings = {
				ASSETCATALOG_COMPILER_APPICON_NAME = AppIcon;
				INFOPLIST_FILE = Arrow/Info.plist;
				LD_RUNPATH_SEARCH_PATHS = "$(inherited) @executable_path/Frameworks";
				PRODUCT_BUNDLE_IDENTIFIER = com.SSQUARED.Arrow;
				PRODUCT_NAME = "$(TARGET_NAME)";
			};
			name = Debug;
		};
		03C95FD61D3F323300A549C4 /* Release */ = {
			isa = XCBuildConfiguration;
			buildSettings = {
				ASSETCATALOG_COMPILER_APPICON_NAME = AppIcon;
				INFOPLIST_FILE = Arrow/Info.plist;
				LD_RUNPATH_SEARCH_PATHS = "$(inherited) @executable_path/Frameworks";
				PRODUCT_BUNDLE_IDENTIFIER = com.SSQUARED.Arrow;
				PRODUCT_NAME = "$(TARGET_NAME)";
			};
			name = Release;
		};
/* End XCBuildConfiguration section */

/* Begin XCConfigurationList section */
		03C95FBA1D3F323300A549C4 /* Build configuration list for PBXProject "Arrow" */ = {
			isa = XCConfigurationList;
			buildConfigurations = (
				03C95FD21D3F323300A549C4 /* Debug */,
				03C95FD31D3F323300A549C4 /* Release */,
			);
			defaultConfigurationIsVisible = 0;
			defaultConfigurationName = Release;
		};
		03C95FD41D3F323300A549C4 /* Build configuration list for PBXNativeTarget "Arrow" */ = {
			isa = XCConfigurationList;
			buildConfigurations = (
				03C95FD51D3F323300A549C4 /* Debug */,
				03C95FD61D3F323300A549C4 /* Release */,
			);
			defaultConfigurationIsVisible = 0;
		};
/* End XCConfigurationList section */
	};
	rootObject = 03C95FB71D3F323300A549C4 /* Project object */;
}
